SITE
  remote: http://community.opscode.com/api/v1
  specs:
    apt (1.8.4)
    chef_handler (1.1.4)
    java (1.9.2)
      windows (>= 0.0.0)
    logrotate (1.1.0)
    windows (1.8.2)
      chef_handler (>= 0.0.0)
    yum (2.1.0)

GIT
  remote: git://github.com/edelight/chef-mongodb
  ref: master
  sha: 179cb4dd1521f58de7a2d0bec38abbd60b7fd505
  specs:
    mongodb (0.12.0)
      apt (>= 0.0.0)
      yum (>= 0.0.0)

DEPENDENCIES
  java (= 1.9.2)
  logrotate (>= 0)
  mongodb (>= 0)
  yum (>= 0)

